
Microsoft Visual Studio Solution File, Format Version 12.00
# Visual Studio 14
VisualStudioVersion = 14.0.25123.0
MinimumVisualStudioVersion = 10.0.40219.1
Project("{FAE04EC0-301F-11D3-BF4B-00C04F79EFBC}") = "XamarinEpamVTSClient.Droid", "XamarinEpamVTSClient\XamarinEpamVTSClient.Droid\XamarinEpamVTSClient.Droid.csproj", "{483D0331-B97B-4BE3-B055-A3D24390BF6C}"
EndProject
Project("{FAE04EC0-301F-11D3-BF4B-00C04F79EFBC}") = "XamarinEpamVTSClient.iOS", "XamarinEpamVTSClient\XamarinEpamVTSClient.iOS\XamarinEpamVTSClient.iOS.csproj", "{CAA811E2-FB18-43E1-97D7-4F7D10988F2B}"
EndProject
Project("{FAE04EC0-301F-11D3-BF4B-00C04F79EFBC}") = "XamarinEpamVTSClient", "XamarinEpamVTSClient\XamarinEpamVTSClient\XamarinEpamVTSClient.csproj", "{F1EABCB9-FF42-42E1-8012-FB586B0B9436}"
EndProject
Project("{FAE04EC0-301F-11D3-BF4B-00C04F79EFBC}") = "EpamVTSClientNative.Droid", "EpamVTSClientNative.Droid\EpamVTSClientNative.Droid.csproj", "{F7EA58EF-54D1-450E-8E8C-32F542A036E9}"
EndProject
Project("{FAE04EC0-301F-11D3-BF4B-00C04F79EFBC}") = "EpamVTSClientNative.iOS", "EpamVTSClientNative.iOS\EpamVTSClientNative.iOS.csproj", "{CD214064-FC83-478C-AAA6-A10B7D694DF5}"
EndProject
Project("{FAE04EC0-301F-11D3-BF4B-00C04F79EFBC}") = "EpamVTSClient.DAL", "EpamVTSClient.DAL\EpamVTSClient.DAL.csproj", "{8946D6CA-DDFB-4AEC-8060-37857F55BF64}"
EndProject
Project("{FAE04EC0-301F-11D3-BF4B-00C04F79EFBC}") = "EpamVTSClient.BLL", "EpamVTSClient.BLL\EpamVTSClient.BLL.csproj", "{0B5A771D-1BE0-44D4-8697-BD350D0C0D5F}"
EndProject
Project("{FAE04EC0-301F-11D3-BF4B-00C04F79EFBC}") = "EpamVTSClient.Core", "EpamVTSClient.Core\EpamVTSClient.Core.csproj", "{0F0178F4-C0BB-43E0-B174-F44FCBA3F651}"
EndProject
Global
	GlobalSection(SolutionConfigurationPlatforms) = preSolution
		Ad-Hoc|Any CPU = Ad-Hoc|Any CPU
		Ad-Hoc|ARM = Ad-Hoc|ARM
		Ad-Hoc|iPhone = Ad-Hoc|iPhone
		Ad-Hoc|iPhoneSimulator = Ad-Hoc|iPhoneSimulator
		Ad-Hoc|x64 = Ad-Hoc|x64
		Ad-Hoc|x86 = Ad-Hoc|x86
		AppStore|Any CPU = AppStore|Any CPU
		AppStore|ARM = AppStore|ARM
		AppStore|iPhone = AppStore|iPhone
		AppStore|iPhoneSimulator = AppStore|iPhoneSimulator
		AppStore|x64 = AppStore|x64
		AppStore|x86 = AppStore|x86
		Debug|Any CPU = Debug|Any CPU
		Debug|ARM = Debug|ARM
		Debug|iPhone = Debug|iPhone
		Debug|iPhoneSimulator = Debug|iPhoneSimulator
		Debug|x64 = Debug|x64
		Debug|x86 = Debug|x86
		Release|Any CPU = Release|Any CPU
		Release|ARM = Release|ARM
		Release|iPhone = Release|iPhone
		Release|iPhoneSimulator = Release|iPhoneSimulator
		Release|x64 = Release|x64
		Release|x86 = Release|x86
	EndGlobalSection
	GlobalSection(ProjectConfigurationPlatforms) = postSolution
		{483D0331-B97B-4BE3-B055-A3D24390BF6C}.Ad-Hoc|Any CPU.ActiveCfg = Release|Any CPU
		{483D0331-B97B-4BE3-B055-A3D24390BF6C}.Ad-Hoc|Any CPU.Build.0 = Release|Any CPU
		{483D0331-B97B-4BE3-B055-A3D24390BF6C}.Ad-Hoc|Any CPU.Deploy.0 = Release|Any CPU
		{483D0331-B97B-4BE3-B055-A3D24390BF6C}.Ad-Hoc|ARM.ActiveCfg = Release|Any CPU
		{483D0331-B97B-4BE3-B055-A3D24390BF6C}.Ad-Hoc|ARM.Build.0 = Release|Any CPU
		{483D0331-B97B-4BE3-B055-A3D24390BF6C}.Ad-Hoc|ARM.Deploy.0 = Release|Any CPU
		{483D0331-B97B-4BE3-B055-A3D24390BF6C}.Ad-Hoc|iPhone.ActiveCfg = Release|Any CPU
		{483D0331-B97B-4BE3-B055-A3D24390BF6C}.Ad-Hoc|iPhone.Build.0 = Release|Any CPU
		{483D0331-B97B-4BE3-B055-A3D24390BF6C}.Ad-Hoc|iPhone.Deploy.0 = Release|Any CPU
		{483D0331-B97B-4BE3-B055-A3D24390BF6C}.Ad-Hoc|iPhoneSimulator.ActiveCfg = Release|Any CPU
		{483D0331-B97B-4BE3-B055-A3D24390BF6C}.Ad-Hoc|iPhoneSimulator.Build.0 = Release|Any CPU
		{483D0331-B97B-4BE3-B055-A3D24390BF6C}.Ad-Hoc|iPhoneSimulator.Deploy.0 = Release|Any CPU
		{483D0331-B97B-4BE3-B055-A3D24390BF6C}.Ad-Hoc|x64.ActiveCfg = Release|Any CPU
		{483D0331-B97B-4BE3-B055-A3D24390BF6C}.Ad-Hoc|x64.Build.0 = Release|Any CPU
		{483D0331-B97B-4BE3-B055-A3D24390BF6C}.Ad-Hoc|x64.Deploy.0 = Release|Any CPU
		{483D0331-B97B-4BE3-B055-A3D24390BF6C}.Ad-Hoc|x86.ActiveCfg = Release|Any CPU
		{483D0331-B97B-4BE3-B055-A3D24390BF6C}.Ad-Hoc|x86.Build.0 = Release|Any CPU
		{483D0331-B97B-4BE3-B055-A3D24390BF6C}.Ad-Hoc|x86.Deploy.0 = Release|Any CPU
		{483D0331-B97B-4BE3-B055-A3D24390BF6C}.AppStore|Any CPU.ActiveCfg = Release|Any CPU
		{483D0331-B97B-4BE3-B055-A3D24390BF6C}.AppStore|Any CPU.Build.0 = Release|Any CPU
		{483D0331-B97B-4BE3-B055-A3D24390BF6C}.AppStore|Any CPU.Deploy.0 = Release|Any CPU
		{483D0331-B97B-4BE3-B055-A3D24390BF6C}.AppStore|ARM.ActiveCfg = Release|Any CPU
		{483D0331-B97B-4BE3-B055-A3D24390BF6C}.AppStore|ARM.Build.0 = Release|Any CPU
		{483D0331-B97B-4BE3-B055-A3D24390BF6C}.AppStore|ARM.Deploy.0 = Release|Any CPU
		{483D0331-B97B-4BE3-B055-A3D24390BF6C}.AppStore|iPhone.ActiveCfg = Release|Any CPU
		{483D0331-B97B-4BE3-B055-A3D24390BF6C}.AppStore|iPhone.Build.0 = Release|Any CPU
		{483D0331-B97B-4BE3-B055-A3D24390BF6C}.AppStore|iPhone.Deploy.0 = Release|Any CPU
		{483D0331-B97B-4BE3-B055-A3D24390BF6C}.AppStore|iPhoneSimulator.ActiveCfg = Release|Any CPU
		{483D0331-B97B-4BE3-B055-A3D24390BF6C}.AppStore|iPhoneSimulator.Build.0 = Release|Any CPU
		{483D0331-B97B-4BE3-B055-A3D24390BF6C}.AppStore|iPhoneSimulator.Deploy.0 = Release|Any CPU
		{483D0331-B97B-4BE3-B055-A3D24390BF6C}.AppStore|x64.ActiveCfg = Release|Any CPU
		{483D0331-B97B-4BE3-B055-A3D24390BF6C}.AppStore|x64.Build.0 = Release|Any CPU
		{483D0331-B97B-4BE3-B055-A3D24390BF6C}.AppStore|x64.Deploy.0 = Release|Any CPU
		{483D0331-B97B-4BE3-B055-A3D24390BF6C}.AppStore|x86.ActiveCfg = Release|Any CPU
		{483D0331-B97B-4BE3-B055-A3D24390BF6C}.AppStore|x86.Build.0 = Release|Any CPU
		{483D0331-B97B-4BE3-B055-A3D24390BF6C}.AppStore|x86.Deploy.0 = Release|Any CPU
		{483D0331-B97B-4BE3-B055-A3D24390BF6C}.Debug|Any CPU.ActiveCfg = Debug|Any CPU
		{483D0331-B97B-4BE3-B055-A3D24390BF6C}.Debug|Any CPU.Build.0 = Debug|Any CPU
		{483D0331-B97B-4BE3-B055-A3D24390BF6C}.Debug|Any CPU.Deploy.0 = Debug|Any CPU
		{483D0331-B97B-4BE3-B055-A3D24390BF6C}.Debug|ARM.ActiveCfg = Debug|Any CPU
		{483D0331-B97B-4BE3-B055-A3D24390BF6C}.Debug|ARM.Build.0 = Debug|Any CPU
		{483D0331-B97B-4BE3-B055-A3D24390BF6C}.Debug|ARM.Deploy.0 = Debug|Any CPU
		{483D0331-B97B-4BE3-B055-A3D24390BF6C}.Debug|iPhone.ActiveCfg = Debug|Any CPU
		{483D0331-B97B-4BE3-B055-A3D24390BF6C}.Debug|iPhone.Build.0 = Debug|Any CPU
		{483D0331-B97B-4BE3-B055-A3D24390BF6C}.Debug|iPhone.Deploy.0 = Debug|Any CPU
		{483D0331-B97B-4BE3-B055-A3D24390BF6C}.Debug|iPhoneSimulator.ActiveCfg = Debug|Any CPU
		{483D0331-B97B-4BE3-B055-A3D24390BF6C}.Debug|iPhoneSimulator.Build.0 = Debug|Any CPU
		{483D0331-B97B-4BE3-B055-A3D24390BF6C}.Debug|iPhoneSimulator.Deploy.0 = Debug|Any CPU
		{483D0331-B97B-4BE3-B055-A3D24390BF6C}.Debug|x64.ActiveCfg = Debug|Any CPU
		{483D0331-B97B-4BE3-B055-A3D24390BF6C}.Debug|x64.Build.0 = Debug|Any CPU
		{483D0331-B97B-4BE3-B055-A3D24390BF6C}.Debug|x64.Deploy.0 = Debug|Any CPU
		{483D0331-B97B-4BE3-B055-A3D24390BF6C}.Debug|x86.ActiveCfg = Debug|Any CPU
		{483D0331-B97B-4BE3-B055-A3D24390BF6C}.Debug|x86.Build.0 = Debug|Any CPU
		{483D0331-B97B-4BE3-B055-A3D24390BF6C}.Debug|x86.Deploy.0 = Debug|Any CPU
		{483D0331-B97B-4BE3-B055-A3D24390BF6C}.Release|Any CPU.ActiveCfg = Release|Any CPU
		{483D0331-B97B-4BE3-B055-A3D24390BF6C}.Release|Any CPU.Build.0 = Release|Any CPU
		{483D0331-B97B-4BE3-B055-A3D24390BF6C}.Release|Any CPU.Deploy.0 = Release|Any CPU
		{483D0331-B97B-4BE3-B055-A3D24390BF6C}.Release|ARM.ActiveCfg = Release|Any CPU
		{483D0331-B97B-4BE3-B055-A3D24390BF6C}.Release|ARM.Build.0 = Release|Any CPU
		{483D0331-B97B-4BE3-B055-A3D24390BF6C}.Release|ARM.Deploy.0 = Release|Any CPU
		{483D0331-B97B-4BE3-B055-A3D24390BF6C}.Release|iPhone.ActiveCfg = Release|Any CPU
		{483D0331-B97B-4BE3-B055-A3D24390BF6C}.Release|iPhone.Build.0 = Release|Any CPU
		{483D0331-B97B-4BE3-B055-A3D24390BF6C}.Release|iPhone.Deploy.0 = Release|Any CPU
		{483D0331-B97B-4BE3-B055-A3D24390BF6C}.Release|iPhoneSimulator.ActiveCfg = Release|Any CPU
		{483D0331-B97B-4BE3-B055-A3D24390BF6C}.Release|iPhoneSimulator.Build.0 = Release|Any CPU
		{483D0331-B97B-4BE3-B055-A3D24390BF6C}.Release|iPhoneSimulator.Deploy.0 = Release|Any CPU
		{483D0331-B97B-4BE3-B055-A3D24390BF6C}.Release|x64.ActiveCfg = Release|Any CPU
		{483D0331-B97B-4BE3-B055-A3D24390BF6C}.Release|x64.Build.0 = Release|Any CPU
		{483D0331-B97B-4BE3-B055-A3D24390BF6C}.Release|x64.Deploy.0 = Release|Any CPU
		{483D0331-B97B-4BE3-B055-A3D24390BF6C}.Release|x86.ActiveCfg = Release|Any CPU
		{483D0331-B97B-4BE3-B055-A3D24390BF6C}.Release|x86.Build.0 = Release|Any CPU
		{483D0331-B97B-4BE3-B055-A3D24390BF6C}.Release|x86.Deploy.0 = Release|Any CPU
		{CAA811E2-FB18-43E1-97D7-4F7D10988F2B}.Ad-Hoc|Any CPU.ActiveCfg = Ad-Hoc|iPhone
		{CAA811E2-FB18-43E1-97D7-4F7D10988F2B}.Ad-Hoc|ARM.ActiveCfg = Ad-Hoc|iPhone
		{CAA811E2-FB18-43E1-97D7-4F7D10988F2B}.Ad-Hoc|iPhone.ActiveCfg = Ad-Hoc|iPhone
		{CAA811E2-FB18-43E1-97D7-4F7D10988F2B}.Ad-Hoc|iPhone.Build.0 = Ad-Hoc|iPhone
		{CAA811E2-FB18-43E1-97D7-4F7D10988F2B}.Ad-Hoc|iPhoneSimulator.ActiveCfg = Ad-Hoc|iPhoneSimulator
		{CAA811E2-FB18-43E1-97D7-4F7D10988F2B}.Ad-Hoc|iPhoneSimulator.Build.0 = Ad-Hoc|iPhoneSimulator
		{CAA811E2-FB18-43E1-97D7-4F7D10988F2B}.Ad-Hoc|x64.ActiveCfg = Ad-Hoc|iPhone
		{CAA811E2-FB18-43E1-97D7-4F7D10988F2B}.Ad-Hoc|x86.ActiveCfg = Ad-Hoc|iPhone
		{CAA811E2-FB18-43E1-97D7-4F7D10988F2B}.AppStore|Any CPU.ActiveCfg = AppStore|iPhone
		{CAA811E2-FB18-43E1-97D7-4F7D10988F2B}.AppStore|ARM.ActiveCfg = AppStore|iPhone
		{CAA811E2-FB18-43E1-97D7-4F7D10988F2B}.AppStore|iPhone.ActiveCfg = AppStore|iPhone
		{CAA811E2-FB18-43E1-97D7-4F7D10988F2B}.AppStore|iPhone.Build.0 = AppStore|iPhone
		{CAA811E2-FB18-43E1-97D7-4F7D10988F2B}.AppStore|iPhoneSimulator.ActiveCfg = AppStore|iPhoneSimulator
		{CAA811E2-FB18-43E1-97D7-4F7D10988F2B}.AppStore|iPhoneSimulator.Build.0 = AppStore|iPhoneSimulator
		{CAA811E2-FB18-43E1-97D7-4F7D10988F2B}.AppStore|x64.ActiveCfg = AppStore|iPhone
		{CAA811E2-FB18-43E1-97D7-4F7D10988F2B}.AppStore|x86.ActiveCfg = AppStore|iPhone
		{CAA811E2-FB18-43E1-97D7-4F7D10988F2B}.Debug|Any CPU.ActiveCfg = Debug|iPhone
		{CAA811E2-FB18-43E1-97D7-4F7D10988F2B}.Debug|ARM.ActiveCfg = Debug|iPhone
		{CAA811E2-FB18-43E1-97D7-4F7D10988F2B}.Debug|iPhone.ActiveCfg = Debug|iPhone
		{CAA811E2-FB18-43E1-97D7-4F7D10988F2B}.Debug|iPhone.Build.0 = Debug|iPhone
		{CAA811E2-FB18-43E1-97D7-4F7D10988F2B}.Debug|iPhoneSimulator.ActiveCfg = Debug|iPhoneSimulator
		{CAA811E2-FB18-43E1-97D7-4F7D10988F2B}.Debug|iPhoneSimulator.Build.0 = Debug|iPhoneSimulator
		{CAA811E2-FB18-43E1-97D7-4F7D10988F2B}.Debug|x64.ActiveCfg = Debug|iPhone
		{CAA811E2-FB18-43E1-97D7-4F7D10988F2B}.Debug|x86.ActiveCfg = Debug|iPhone
		{CAA811E2-FB18-43E1-97D7-4F7D10988F2B}.Release|Any CPU.ActiveCfg = Release|iPhone
		{CAA811E2-FB18-43E1-97D7-4F7D10988F2B}.Release|ARM.ActiveCfg = Release|iPhone
		{CAA811E2-FB18-43E1-97D7-4F7D10988F2B}.Release|iPhone.ActiveCfg = Release|iPhone
		{CAA811E2-FB18-43E1-97D7-4F7D10988F2B}.Release|iPhone.Build.0 = Release|iPhone
		{CAA811E2-FB18-43E1-97D7-4F7D10988F2B}.Release|iPhoneSimulator.ActiveCfg = Release|iPhoneSimulator
		{CAA811E2-FB18-43E1-97D7-4F7D10988F2B}.Release|iPhoneSimulator.Build.0 = Release|iPhoneSimulator
		{CAA811E2-FB18-43E1-97D7-4F7D10988F2B}.Release|x64.ActiveCfg = Release|iPhone
		{CAA811E2-FB18-43E1-97D7-4F7D10988F2B}.Release|x86.ActiveCfg = Release|iPhone
		{F1EABCB9-FF42-42E1-8012-FB586B0B9436}.Ad-Hoc|Any CPU.ActiveCfg = Release|Any CPU
		{F1EABCB9-FF42-42E1-8012-FB586B0B9436}.Ad-Hoc|Any CPU.Build.0 = Release|Any CPU
		{F1EABCB9-FF42-42E1-8012-FB586B0B9436}.Ad-Hoc|ARM.ActiveCfg = Release|Any CPU
		{F1EABCB9-FF42-42E1-8012-FB586B0B9436}.Ad-Hoc|ARM.Build.0 = Release|Any CPU
		{F1EABCB9-FF42-42E1-8012-FB586B0B9436}.Ad-Hoc|iPhone.ActiveCfg = Release|Any CPU
		{F1EABCB9-FF42-42E1-8012-FB586B0B9436}.Ad-Hoc|iPhone.Build.0 = Release|Any CPU
		{F1EABCB9-FF42-42E1-8012-FB586B0B9436}.Ad-Hoc|iPhoneSimulator.ActiveCfg = Release|Any CPU
		{F1EABCB9-FF42-42E1-8012-FB586B0B9436}.Ad-Hoc|iPhoneSimulator.Build.0 = Release|Any CPU
		{F1EABCB9-FF42-42E1-8012-FB586B0B9436}.Ad-Hoc|x64.ActiveCfg = Release|Any CPU
		{F1EABCB9-FF42-42E1-8012-FB586B0B9436}.Ad-Hoc|x64.Build.0 = Release|Any CPU
		{F1EABCB9-FF42-42E1-8012-FB586B0B9436}.Ad-Hoc|x86.ActiveCfg = Release|Any CPU
		{F1EABCB9-FF42-42E1-8012-FB586B0B9436}.Ad-Hoc|x86.Build.0 = Release|Any CPU
		{F1EABCB9-FF42-42E1-8012-FB586B0B9436}.AppStore|Any CPU.ActiveCfg = Release|Any CPU
		{F1EABCB9-FF42-42E1-8012-FB586B0B9436}.AppStore|Any CPU.Build.0 = Release|Any CPU
		{F1EABCB9-FF42-42E1-8012-FB586B0B9436}.AppStore|ARM.ActiveCfg = Release|Any CPU
		{F1EABCB9-FF42-42E1-8012-FB586B0B9436}.AppStore|ARM.Build.0 = Release|Any CPU
		{F1EABCB9-FF42-42E1-8012-FB586B0B9436}.AppStore|iPhone.ActiveCfg = Release|Any CPU
		{F1EABCB9-FF42-42E1-8012-FB586B0B9436}.AppStore|iPhone.Build.0 = Release|Any CPU
		{F1EABCB9-FF42-42E1-8012-FB586B0B9436}.AppStore|iPhoneSimulator.ActiveCfg = Release|Any CPU
		{F1EABCB9-FF42-42E1-8012-FB586B0B9436}.AppStore|iPhoneSimulator.Build.0 = Release|Any CPU
		{F1EABCB9-FF42-42E1-8012-FB586B0B9436}.AppStore|x64.ActiveCfg = Release|Any CPU
		{F1EABCB9-FF42-42E1-8012-FB586B0B9436}.AppStore|x64.Build.0 = Release|Any CPU
		{F1EABCB9-FF42-42E1-8012-FB586B0B9436}.AppStore|x86.ActiveCfg = Release|Any CPU
		{F1EABCB9-FF42-42E1-8012-FB586B0B9436}.AppStore|x86.Build.0 = Release|Any CPU
		{F1EABCB9-FF42-42E1-8012-FB586B0B9436}.Debug|Any CPU.ActiveCfg = Debug|Any CPU
		{F1EABCB9-FF42-42E1-8012-FB586B0B9436}.Debug|Any CPU.Build.0 = Debug|Any CPU
		{F1EABCB9-FF42-42E1-8012-FB586B0B9436}.Debug|ARM.ActiveCfg = Debug|Any CPU
		{F1EABCB9-FF42-42E1-8012-FB586B0B9436}.Debug|ARM.Build.0 = Debug|Any CPU
		{F1EABCB9-FF42-42E1-8012-FB586B0B9436}.Debug|iPhone.ActiveCfg = Debug|Any CPU
		{F1EABCB9-FF42-42E1-8012-FB586B0B9436}.Debug|iPhone.Build.0 = Debug|Any CPU
		{F1EABCB9-FF42-42E1-8012-FB586B0B9436}.Debug|iPhoneSimulator.ActiveCfg = Debug|Any CPU
		{F1EABCB9-FF42-42E1-8012-FB586B0B9436}.Debug|iPhoneSimulator.Build.0 = Debug|Any CPU
		{F1EABCB9-FF42-42E1-8012-FB586B0B9436}.Debug|x64.ActiveCfg = Debug|Any CPU
		{F1EABCB9-FF42-42E1-8012-FB586B0B9436}.Debug|x64.Build.0 = Debug|Any CPU
		{F1EABCB9-FF42-42E1-8012-FB586B0B9436}.Debug|x86.ActiveCfg = Debug|Any CPU
		{F1EABCB9-FF42-42E1-8012-FB586B0B9436}.Debug|x86.Build.0 = Debug|Any CPU
		{F1EABCB9-FF42-42E1-8012-FB586B0B9436}.Release|Any CPU.ActiveCfg = Release|Any CPU
		{F1EABCB9-FF42-42E1-8012-FB586B0B9436}.Release|Any CPU.Build.0 = Release|Any CPU
		{F1EABCB9-FF42-42E1-8012-FB586B0B9436}.Release|ARM.ActiveCfg = Release|Any CPU
		{F1EABCB9-FF42-42E1-8012-FB586B0B9436}.Release|ARM.Build.0 = Release|Any CPU
		{F1EABCB9-FF42-42E1-8012-FB586B0B9436}.Release|iPhone.ActiveCfg = Release|Any CPU
		{F1EABCB9-FF42-42E1-8012-FB586B0B9436}.Release|iPhone.Build.0 = Release|Any CPU
		{F1EABCB9-FF42-42E1-8012-FB586B0B9436}.Release|iPhoneSimulator.ActiveCfg = Release|Any CPU
		{F1EABCB9-FF42-42E1-8012-FB586B0B9436}.Release|iPhoneSimulator.Build.0 = Release|Any CPU
		{F1EABCB9-FF42-42E1-8012-FB586B0B9436}.Release|x64.ActiveCfg = Release|Any CPU
		{F1EABCB9-FF42-42E1-8012-FB586B0B9436}.Release|x64.Build.0 = Release|Any CPU
		{F1EABCB9-FF42-42E1-8012-FB586B0B9436}.Release|x86.ActiveCfg = Release|Any CPU
		{F1EABCB9-FF42-42E1-8012-FB586B0B9436}.Release|x86.Build.0 = Release|Any CPU
		{F7EA58EF-54D1-450E-8E8C-32F542A036E9}.Ad-Hoc|Any CPU.ActiveCfg = Release|Any CPU
		{F7EA58EF-54D1-450E-8E8C-32F542A036E9}.Ad-Hoc|Any CPU.Build.0 = Release|Any CPU
		{F7EA58EF-54D1-450E-8E8C-32F542A036E9}.Ad-Hoc|Any CPU.Deploy.0 = Release|Any CPU
		{F7EA58EF-54D1-450E-8E8C-32F542A036E9}.Ad-Hoc|ARM.ActiveCfg = Release|Any CPU
		{F7EA58EF-54D1-450E-8E8C-32F542A036E9}.Ad-Hoc|ARM.Build.0 = Release|Any CPU
		{F7EA58EF-54D1-450E-8E8C-32F542A036E9}.Ad-Hoc|ARM.Deploy.0 = Release|Any CPU
		{F7EA58EF-54D1-450E-8E8C-32F542A036E9}.Ad-Hoc|iPhone.ActiveCfg = Release|Any CPU
		{F7EA58EF-54D1-450E-8E8C-32F542A036E9}.Ad-Hoc|iPhone.Build.0 = Release|Any CPU
		{F7EA58EF-54D1-450E-8E8C-32F542A036E9}.Ad-Hoc|iPhone.Deploy.0 = Release|Any CPU
		{F7EA58EF-54D1-450E-8E8C-32F542A036E9}.Ad-Hoc|iPhoneSimulator.ActiveCfg = Release|Any CPU
		{F7EA58EF-54D1-450E-8E8C-32F542A036E9}.Ad-Hoc|iPhoneSimulator.Build.0 = Release|Any CPU
		{F7EA58EF-54D1-450E-8E8C-32F542A036E9}.Ad-Hoc|iPhoneSimulator.Deploy.0 = Release|Any CPU
		{F7EA58EF-54D1-450E-8E8C-32F542A036E9}.Ad-Hoc|x64.ActiveCfg = Release|Any CPU
		{F7EA58EF-54D1-450E-8E8C-32F542A036E9}.Ad-Hoc|x64.Build.0 = Release|Any CPU
		{F7EA58EF-54D1-450E-8E8C-32F542A036E9}.Ad-Hoc|x64.Deploy.0 = Release|Any CPU
		{F7EA58EF-54D1-450E-8E8C-32F542A036E9}.Ad-Hoc|x86.ActiveCfg = Release|Any CPU
		{F7EA58EF-54D1-450E-8E8C-32F542A036E9}.Ad-Hoc|x86.Build.0 = Release|Any CPU
		{F7EA58EF-54D1-450E-8E8C-32F542A036E9}.Ad-Hoc|x86.Deploy.0 = Release|Any CPU
		{F7EA58EF-54D1-450E-8E8C-32F542A036E9}.AppStore|Any CPU.ActiveCfg = Release|Any CPU
		{F7EA58EF-54D1-450E-8E8C-32F542A036E9}.AppStore|Any CPU.Build.0 = Release|Any CPU
		{F7EA58EF-54D1-450E-8E8C-32F542A036E9}.AppStore|Any CPU.Deploy.0 = Release|Any CPU
		{F7EA58EF-54D1-450E-8E8C-32F542A036E9}.AppStore|ARM.ActiveCfg = Release|Any CPU
		{F7EA58EF-54D1-450E-8E8C-32F542A036E9}.AppStore|ARM.Build.0 = Release|Any CPU
		{F7EA58EF-54D1-450E-8E8C-32F542A036E9}.AppStore|ARM.Deploy.0 = Release|Any CPU
		{F7EA58EF-54D1-450E-8E8C-32F542A036E9}.AppStore|iPhone.ActiveCfg = Release|Any CPU
		{F7EA58EF-54D1-450E-8E8C-32F542A036E9}.AppStore|iPhone.Build.0 = Release|Any CPU
		{F7EA58EF-54D1-450E-8E8C-32F542A036E9}.AppStore|iPhone.Deploy.0 = Release|Any CPU
		{F7EA58EF-54D1-450E-8E8C-32F542A036E9}.AppStore|iPhoneSimulator.ActiveCfg = Release|Any CPU
		{F7EA58EF-54D1-450E-8E8C-32F542A036E9}.AppStore|iPhoneSimulator.Build.0 = Release|Any CPU
		{F7EA58EF-54D1-450E-8E8C-32F542A036E9}.AppStore|iPhoneSimulator.Deploy.0 = Release|Any CPU
		{F7EA58EF-54D1-450E-8E8C-32F542A036E9}.AppStore|x64.ActiveCfg = Release|Any CPU
		{F7EA58EF-54D1-450E-8E8C-32F542A036E9}.AppStore|x64.Build.0 = Release|Any CPU
		{F7EA58EF-54D1-450E-8E8C-32F542A036E9}.AppStore|x64.Deploy.0 = Release|Any CPU
		{F7EA58EF-54D1-450E-8E8C-32F542A036E9}.AppStore|x86.ActiveCfg = Release|Any CPU
		{F7EA58EF-54D1-450E-8E8C-32F542A036E9}.AppStore|x86.Build.0 = Release|Any CPU
		{F7EA58EF-54D1-450E-8E8C-32F542A036E9}.AppStore|x86.Deploy.0 = Release|Any CPU
		{F7EA58EF-54D1-450E-8E8C-32F542A036E9}.Debug|Any CPU.ActiveCfg = Debug|Any CPU
		{F7EA58EF-54D1-450E-8E8C-32F542A036E9}.Debug|Any CPU.Build.0 = Debug|Any CPU
		{F7EA58EF-54D1-450E-8E8C-32F542A036E9}.Debug|Any CPU.Deploy.0 = Debug|Any CPU
		{F7EA58EF-54D1-450E-8E8C-32F542A036E9}.Debug|ARM.ActiveCfg = Debug|Any CPU
		{F7EA58EF-54D1-450E-8E8C-32F542A036E9}.Debug|ARM.Build.0 = Debug|Any CPU
		{F7EA58EF-54D1-450E-8E8C-32F542A036E9}.Debug|ARM.Deploy.0 = Debug|Any CPU
		{F7EA58EF-54D1-450E-8E8C-32F542A036E9}.Debug|iPhone.ActiveCfg = Debug|Any CPU
		{F7EA58EF-54D1-450E-8E8C-32F542A036E9}.Debug|iPhone.Build.0 = Debug|Any CPU
		{F7EA58EF-54D1-450E-8E8C-32F542A036E9}.Debug|iPhone.Deploy.0 = Debug|Any CPU
		{F7EA58EF-54D1-450E-8E8C-32F542A036E9}.Debug|iPhoneSimulator.ActiveCfg = Debug|Any CPU
		{F7EA58EF-54D1-450E-8E8C-32F542A036E9}.Debug|iPhoneSimulator.Build.0 = Debug|Any CPU
		{F7EA58EF-54D1-450E-8E8C-32F542A036E9}.Debug|iPhoneSimulator.Deploy.0 = Debug|Any CPU
		{F7EA58EF-54D1-450E-8E8C-32F542A036E9}.Debug|x64.ActiveCfg = Debug|Any CPU
		{F7EA58EF-54D1-450E-8E8C-32F542A036E9}.Debug|x64.Build.0 = Debug|Any CPU
		{F7EA58EF-54D1-450E-8E8C-32F542A036E9}.Debug|x64.Deploy.0 = Debug|Any CPU
		{F7EA58EF-54D1-450E-8E8C-32F542A036E9}.Debug|x86.ActiveCfg = Debug|Any CPU
		{F7EA58EF-54D1-450E-8E8C-32F542A036E9}.Debug|x86.Build.0 = Debug|Any CPU
		{F7EA58EF-54D1-450E-8E8C-32F542A036E9}.Debug|x86.Deploy.0 = Debug|Any CPU
		{F7EA58EF-54D1-450E-8E8C-32F542A036E9}.Release|Any CPU.ActiveCfg = Release|Any CPU
		{F7EA58EF-54D1-450E-8E8C-32F542A036E9}.Release|Any CPU.Build.0 = Release|Any CPU
		{F7EA58EF-54D1-450E-8E8C-32F542A036E9}.Release|Any CPU.Deploy.0 = Release|Any CPU
		{F7EA58EF-54D1-450E-8E8C-32F542A036E9}.Release|ARM.ActiveCfg = Release|Any CPU
		{F7EA58EF-54D1-450E-8E8C-32F542A036E9}.Release|ARM.Build.0 = Release|Any CPU
		{F7EA58EF-54D1-450E-8E8C-32F542A036E9}.Release|ARM.Deploy.0 = Release|Any CPU
		{F7EA58EF-54D1-450E-8E8C-32F542A036E9}.Release|iPhone.ActiveCfg = Release|Any CPU
		{F7EA58EF-54D1-450E-8E8C-32F542A036E9}.Release|iPhone.Build.0 = Release|Any CPU
		{F7EA58EF-54D1-450E-8E8C-32F542A036E9}.Release|iPhone.Deploy.0 = Release|Any CPU
		{F7EA58EF-54D1-450E-8E8C-32F542A036E9}.Release|iPhoneSimulator.ActiveCfg = Release|Any CPU
		{F7EA58EF-54D1-450E-8E8C-32F542A036E9}.Release|iPhoneSimulator.Build.0 = Release|Any CPU
		{F7EA58EF-54D1-450E-8E8C-32F542A036E9}.Release|iPhoneSimulator.Deploy.0 = Release|Any CPU
		{F7EA58EF-54D1-450E-8E8C-32F542A036E9}.Release|x64.ActiveCfg = Release|Any CPU
		{F7EA58EF-54D1-450E-8E8C-32F542A036E9}.Release|x64.Build.0 = Release|Any CPU
		{F7EA58EF-54D1-450E-8E8C-32F542A036E9}.Release|x64.Deploy.0 = Release|Any CPU
		{F7EA58EF-54D1-450E-8E8C-32F542A036E9}.Release|x86.ActiveCfg = Release|Any CPU
		{F7EA58EF-54D1-450E-8E8C-32F542A036E9}.Release|x86.Build.0 = Release|Any CPU
		{F7EA58EF-54D1-450E-8E8C-32F542A036E9}.Release|x86.Deploy.0 = Release|Any CPU
		{CD214064-FC83-478C-AAA6-A10B7D694DF5}.Ad-Hoc|Any CPU.ActiveCfg = Ad-Hoc|iPhone
		{CD214064-FC83-478C-AAA6-A10B7D694DF5}.Ad-Hoc|ARM.ActiveCfg = Ad-Hoc|iPhone
		{CD214064-FC83-478C-AAA6-A10B7D694DF5}.Ad-Hoc|iPhone.ActiveCfg = Ad-Hoc|iPhone
		{CD214064-FC83-478C-AAA6-A10B7D694DF5}.Ad-Hoc|iPhone.Build.0 = Ad-Hoc|iPhone
		{CD214064-FC83-478C-AAA6-A10B7D694DF5}.Ad-Hoc|iPhoneSimulator.ActiveCfg = Ad-Hoc|iPhoneSimulator
		{CD214064-FC83-478C-AAA6-A10B7D694DF5}.Ad-Hoc|iPhoneSimulator.Build.0 = Ad-Hoc|iPhoneSimulator
		{CD214064-FC83-478C-AAA6-A10B7D694DF5}.Ad-Hoc|x64.ActiveCfg = Ad-Hoc|iPhone
		{CD214064-FC83-478C-AAA6-A10B7D694DF5}.Ad-Hoc|x86.ActiveCfg = Ad-Hoc|iPhone
		{CD214064-FC83-478C-AAA6-A10B7D694DF5}.AppStore|Any CPU.ActiveCfg = AppStore|iPhone
		{CD214064-FC83-478C-AAA6-A10B7D694DF5}.AppStore|ARM.ActiveCfg = AppStore|iPhone
		{CD214064-FC83-478C-AAA6-A10B7D694DF5}.AppStore|iPhone.ActiveCfg = AppStore|iPhone
		{CD214064-FC83-478C-AAA6-A10B7D694DF5}.AppStore|iPhone.Build.0 = AppStore|iPhone
		{CD214064-FC83-478C-AAA6-A10B7D694DF5}.AppStore|iPhoneSimulator.ActiveCfg = AppStore|iPhoneSimulator
		{CD214064-FC83-478C-AAA6-A10B7D694DF5}.AppStore|iPhoneSimulator.Build.0 = AppStore|iPhoneSimulator
		{CD214064-FC83-478C-AAA6-A10B7D694DF5}.AppStore|x64.ActiveCfg = AppStore|iPhone
		{CD214064-FC83-478C-AAA6-A10B7D694DF5}.AppStore|x86.ActiveCfg = AppStore|iPhone
		{CD214064-FC83-478C-AAA6-A10B7D694DF5}.Debug|Any CPU.ActiveCfg = Debug|iPhone
		{CD214064-FC83-478C-AAA6-A10B7D694DF5}.Debug|ARM.ActiveCfg = Debug|iPhone
		{CD214064-FC83-478C-AAA6-A10B7D694DF5}.Debug|iPhone.ActiveCfg = Debug|iPhone
		{CD214064-FC83-478C-AAA6-A10B7D694DF5}.Debug|iPhone.Build.0 = Debug|iPhone
		{CD214064-FC83-478C-AAA6-A10B7D694DF5}.Debug|iPhoneSimulator.ActiveCfg = Debug|iPhoneSimulator
		{CD214064-FC83-478C-AAA6-A10B7D694DF5}.Debug|iPhoneSimulator.Build.0 = Debug|iPhoneSimulator
		{CD214064-FC83-478C-AAA6-A10B7D694DF5}.Debug|x64.ActiveCfg = Debug|iPhone
		{CD214064-FC83-478C-AAA6-A10B7D694DF5}.Debug|x86.ActiveCfg = Debug|iPhone
		{CD214064-FC83-478C-AAA6-A10B7D694DF5}.Release|Any CPU.ActiveCfg = Release|iPhone
		{CD214064-FC83-478C-AAA6-A10B7D694DF5}.Release|ARM.ActiveCfg = Release|iPhone
		{CD214064-FC83-478C-AAA6-A10B7D694DF5}.Release|iPhone.ActiveCfg = Release|iPhone
		{CD214064-FC83-478C-AAA6-A10B7D694DF5}.Release|iPhone.Build.0 = Release|iPhone
		{CD214064-FC83-478C-AAA6-A10B7D694DF5}.Release|iPhoneSimulator.ActiveCfg = Release|iPhoneSimulator
		{CD214064-FC83-478C-AAA6-A10B7D694DF5}.Release|iPhoneSimulator.Build.0 = Release|iPhoneSimulator
		{CD214064-FC83-478C-AAA6-A10B7D694DF5}.Release|x64.ActiveCfg = Release|iPhone
		{CD214064-FC83-478C-AAA6-A10B7D694DF5}.Release|x86.ActiveCfg = Release|iPhone
		{8946D6CA-DDFB-4AEC-8060-37857F55BF64}.Ad-Hoc|Any CPU.ActiveCfg = Release|Any CPU
		{8946D6CA-DDFB-4AEC-8060-37857F55BF64}.Ad-Hoc|Any CPU.Build.0 = Release|Any CPU
		{8946D6CA-DDFB-4AEC-8060-37857F55BF64}.Ad-Hoc|ARM.ActiveCfg = Release|Any CPU
		{8946D6CA-DDFB-4AEC-8060-37857F55BF64}.Ad-Hoc|ARM.Build.0 = Release|Any CPU
		{8946D6CA-DDFB-4AEC-8060-37857F55BF64}.Ad-Hoc|iPhone.ActiveCfg = Release|Any CPU
		{8946D6CA-DDFB-4AEC-8060-37857F55BF64}.Ad-Hoc|iPhone.Build.0 = Release|Any CPU
		{8946D6CA-DDFB-4AEC-8060-37857F55BF64}.Ad-Hoc|iPhoneSimulator.ActiveCfg = Release|Any CPU
		{8946D6CA-DDFB-4AEC-8060-37857F55BF64}.Ad-Hoc|iPhoneSimulator.Build.0 = Release|Any CPU
		{8946D6CA-DDFB-4AEC-8060-37857F55BF64}.Ad-Hoc|x64.ActiveCfg = Release|Any CPU
		{8946D6CA-DDFB-4AEC-8060-37857F55BF64}.Ad-Hoc|x64.Build.0 = Release|Any CPU
		{8946D6CA-DDFB-4AEC-8060-37857F55BF64}.Ad-Hoc|x86.ActiveCfg = Release|Any CPU
		{8946D6CA-DDFB-4AEC-8060-37857F55BF64}.Ad-Hoc|x86.Build.0 = Release|Any CPU
		{8946D6CA-DDFB-4AEC-8060-37857F55BF64}.AppStore|Any CPU.ActiveCfg = Release|Any CPU
		{8946D6CA-DDFB-4AEC-8060-37857F55BF64}.AppStore|Any CPU.Build.0 = Release|Any CPU
		{8946D6CA-DDFB-4AEC-8060-37857F55BF64}.AppStore|ARM.ActiveCfg = Release|Any CPU
		{8946D6CA-DDFB-4AEC-8060-37857F55BF64}.AppStore|ARM.Build.0 = Release|Any CPU
		{8946D6CA-DDFB-4AEC-8060-37857F55BF64}.AppStore|iPhone.ActiveCfg = Release|Any CPU
		{8946D6CA-DDFB-4AEC-8060-37857F55BF64}.AppStore|iPhone.Build.0 = Release|Any CPU
		{8946D6CA-DDFB-4AEC-8060-37857F55BF64}.AppStore|iPhoneSimulator.ActiveCfg = Release|Any CPU
		{8946D6CA-DDFB-4AEC-8060-37857F55BF64}.AppStore|iPhoneSimulator.Build.0 = Release|Any CPU
		{8946D6CA-DDFB-4AEC-8060-37857F55BF64}.AppStore|x64.ActiveCfg = Release|Any CPU
		{8946D6CA-DDFB-4AEC-8060-37857F55BF64}.AppStore|x64.Build.0 = Release|Any CPU
		{8946D6CA-DDFB-4AEC-8060-37857F55BF64}.AppStore|x86.ActiveCfg = Release|Any CPU
		{8946D6CA-DDFB-4AEC-8060-37857F55BF64}.AppStore|x86.Build.0 = Release|Any CPU
		{8946D6CA-DDFB-4AEC-8060-37857F55BF64}.Debug|Any CPU.ActiveCfg = Debug|Any CPU
		{8946D6CA-DDFB-4AEC-8060-37857F55BF64}.Debug|Any CPU.Build.0 = Debug|Any CPU
		{8946D6CA-DDFB-4AEC-8060-37857F55BF64}.Debug|ARM.ActiveCfg = Debug|Any CPU
		{8946D6CA-DDFB-4AEC-8060-37857F55BF64}.Debug|ARM.Build.0 = Debug|Any CPU
		{8946D6CA-DDFB-4AEC-8060-37857F55BF64}.Debug|iPhone.ActiveCfg = Debug|Any CPU
		{8946D6CA-DDFB-4AEC-8060-37857F55BF64}.Debug|iPhone.Build.0 = Debug|Any CPU
		{8946D6CA-DDFB-4AEC-8060-37857F55BF64}.Debug|iPhoneSimulator.ActiveCfg = Debug|Any CPU
		{8946D6CA-DDFB-4AEC-8060-37857F55BF64}.Debug|iPhoneSimulator.Build.0 = Debug|Any CPU
		{8946D6CA-DDFB-4AEC-8060-37857F55BF64}.Debug|x64.ActiveCfg = Debug|Any CPU
		{8946D6CA-DDFB-4AEC-8060-37857F55BF64}.Debug|x64.Build.0 = Debug|Any CPU
		{8946D6CA-DDFB-4AEC-8060-37857F55BF64}.Debug|x86.ActiveCfg = Debug|Any CPU
		{8946D6CA-DDFB-4AEC-8060-37857F55BF64}.Debug|x86.Build.0 = Debug|Any CPU
		{8946D6CA-DDFB-4AEC-8060-37857F55BF64}.Release|Any CPU.ActiveCfg = Release|Any CPU
		{8946D6CA-DDFB-4AEC-8060-37857F55BF64}.Release|Any CPU.Build.0 = Release|Any CPU
		{8946D6CA-DDFB-4AEC-8060-37857F55BF64}.Release|ARM.ActiveCfg = Release|Any CPU
		{8946D6CA-DDFB-4AEC-8060-37857F55BF64}.Release|ARM.Build.0 = Release|Any CPU
		{8946D6CA-DDFB-4AEC-8060-37857F55BF64}.Release|iPhone.ActiveCfg = Release|Any CPU
		{8946D6CA-DDFB-4AEC-8060-37857F55BF64}.Release|iPhone.Build.0 = Release|Any CPU
		{8946D6CA-DDFB-4AEC-8060-37857F55BF64}.Release|iPhoneSimulator.ActiveCfg = Release|Any CPU
		{8946D6CA-DDFB-4AEC-8060-37857F55BF64}.Release|iPhoneSimulator.Build.0 = Release|Any CPU
		{8946D6CA-DDFB-4AEC-8060-37857F55BF64}.Release|x64.ActiveCfg = Release|Any CPU
		{8946D6CA-DDFB-4AEC-8060-37857F55BF64}.Release|x64.Build.0 = Release|Any CPU
		{8946D6CA-DDFB-4AEC-8060-37857F55BF64}.Release|x86.ActiveCfg = Release|Any CPU
		{8946D6CA-DDFB-4AEC-8060-37857F55BF64}.Release|x86.Build.0 = Release|Any CPU
		{0B5A771D-1BE0-44D4-8697-BD350D0C0D5F}.Ad-Hoc|Any CPU.ActiveCfg = Release|Any CPU
		{0B5A771D-1BE0-44D4-8697-BD350D0C0D5F}.Ad-Hoc|Any CPU.Build.0 = Release|Any CPU
		{0B5A771D-1BE0-44D4-8697-BD350D0C0D5F}.Ad-Hoc|ARM.ActiveCfg = Release|Any CPU
		{0B5A771D-1BE0-44D4-8697-BD350D0C0D5F}.Ad-Hoc|ARM.Build.0 = Release|Any CPU
		{0B5A771D-1BE0-44D4-8697-BD350D0C0D5F}.Ad-Hoc|iPhone.ActiveCfg = Release|Any CPU
		{0B5A771D-1BE0-44D4-8697-BD350D0C0D5F}.Ad-Hoc|iPhone.Build.0 = Release|Any CPU
		{0B5A771D-1BE0-44D4-8697-BD350D0C0D5F}.Ad-Hoc|iPhoneSimulator.ActiveCfg = Release|Any CPU
		{0B5A771D-1BE0-44D4-8697-BD350D0C0D5F}.Ad-Hoc|iPhoneSimulator.Build.0 = Release|Any CPU
		{0B5A771D-1BE0-44D4-8697-BD350D0C0D5F}.Ad-Hoc|x64.ActiveCfg = Release|Any CPU
		{0B5A771D-1BE0-44D4-8697-BD350D0C0D5F}.Ad-Hoc|x64.Build.0 = Release|Any CPU
		{0B5A771D-1BE0-44D4-8697-BD350D0C0D5F}.Ad-Hoc|x86.ActiveCfg = Release|Any CPU
		{0B5A771D-1BE0-44D4-8697-BD350D0C0D5F}.Ad-Hoc|x86.Build.0 = Release|Any CPU
		{0B5A771D-1BE0-44D4-8697-BD350D0C0D5F}.AppStore|Any CPU.ActiveCfg = Release|Any CPU
		{0B5A771D-1BE0-44D4-8697-BD350D0C0D5F}.AppStore|Any CPU.Build.0 = Release|Any CPU
		{0B5A771D-1BE0-44D4-8697-BD350D0C0D5F}.AppStore|ARM.ActiveCfg = Release|Any CPU
		{0B5A771D-1BE0-44D4-8697-BD350D0C0D5F}.AppStore|ARM.Build.0 = Release|Any CPU
		{0B5A771D-1BE0-44D4-8697-BD350D0C0D5F}.AppStore|iPhone.ActiveCfg = Release|Any CPU
		{0B5A771D-1BE0-44D4-8697-BD350D0C0D5F}.AppStore|iPhone.Build.0 = Release|Any CPU
		{0B5A771D-1BE0-44D4-8697-BD350D0C0D5F}.AppStore|iPhoneSimulator.ActiveCfg = Release|Any CPU
		{0B5A771D-1BE0-44D4-8697-BD350D0C0D5F}.AppStore|iPhoneSimulator.Build.0 = Release|Any CPU
		{0B5A771D-1BE0-44D4-8697-BD350D0C0D5F}.AppStore|x64.ActiveCfg = Release|Any CPU
		{0B5A771D-1BE0-44D4-8697-BD350D0C0D5F}.AppStore|x64.Build.0 = Release|Any CPU
		{0B5A771D-1BE0-44D4-8697-BD350D0C0D5F}.AppStore|x86.ActiveCfg = Release|Any CPU
		{0B5A771D-1BE0-44D4-8697-BD350D0C0D5F}.AppStore|x86.Build.0 = Release|Any CPU
		{0B5A771D-1BE0-44D4-8697-BD350D0C0D5F}.Debug|Any CPU.ActiveCfg = Debug|Any CPU
		{0B5A771D-1BE0-44D4-8697-BD350D0C0D5F}.Debug|Any CPU.Build.0 = Debug|Any CPU
		{0B5A771D-1BE0-44D4-8697-BD350D0C0D5F}.Debug|ARM.ActiveCfg = Debug|Any CPU
		{0B5A771D-1BE0-44D4-8697-BD350D0C0D5F}.Debug|ARM.Build.0 = Debug|Any CPU
		{0B5A771D-1BE0-44D4-8697-BD350D0C0D5F}.Debug|iPhone.ActiveCfg = Debug|Any CPU
		{0B5A771D-1BE0-44D4-8697-BD350D0C0D5F}.Debug|iPhone.Build.0 = Debug|Any CPU
		{0B5A771D-1BE0-44D4-8697-BD350D0C0D5F}.Debug|iPhoneSimulator.ActiveCfg = Debug|Any CPU
		{0B5A771D-1BE0-44D4-8697-BD350D0C0D5F}.Debug|iPhoneSimulator.Build.0 = Debug|Any CPU
		{0B5A771D-1BE0-44D4-8697-BD350D0C0D5F}.Debug|x64.ActiveCfg = Debug|Any CPU
		{0B5A771D-1BE0-44D4-8697-BD350D0C0D5F}.Debug|x64.Build.0 = Debug|Any CPU
		{0B5A771D-1BE0-44D4-8697-BD350D0C0D5F}.Debug|x86.ActiveCfg = Debug|Any CPU
		{0B5A771D-1BE0-44D4-8697-BD350D0C0D5F}.Debug|x86.Build.0 = Debug|Any CPU
		{0B5A771D-1BE0-44D4-8697-BD350D0C0D5F}.Release|Any CPU.ActiveCfg = Release|Any CPU
		{0B5A771D-1BE0-44D4-8697-BD350D0C0D5F}.Release|Any CPU.Build.0 = Release|Any CPU
		{0B5A771D-1BE0-44D4-8697-BD350D0C0D5F}.Release|ARM.ActiveCfg = Release|Any CPU
		{0B5A771D-1BE0-44D4-8697-BD350D0C0D5F}.Release|ARM.Build.0 = Release|Any CPU
		{0B5A771D-1BE0-44D4-8697-BD350D0C0D5F}.Release|iPhone.ActiveCfg = Release|Any CPU
		{0B5A771D-1BE0-44D4-8697-BD350D0C0D5F}.Release|iPhone.Build.0 = Release|Any CPU
		{0B5A771D-1BE0-44D4-8697-BD350D0C0D5F}.Release|iPhoneSimulator.ActiveCfg = Release|Any CPU
		{0B5A771D-1BE0-44D4-8697-BD350D0C0D5F}.Release|iPhoneSimulator.Build.0 = Release|Any CPU
		{0B5A771D-1BE0-44D4-8697-BD350D0C0D5F}.Release|x64.ActiveCfg = Release|Any CPU
		{0B5A771D-1BE0-44D4-8697-BD350D0C0D5F}.Release|x64.Build.0 = Release|Any CPU
		{0B5A771D-1BE0-44D4-8697-BD350D0C0D5F}.Release|x86.ActiveCfg = Release|Any CPU
		{0B5A771D-1BE0-44D4-8697-BD350D0C0D5F}.Release|x86.Build.0 = Release|Any CPU
		{0F0178F4-C0BB-43E0-B174-F44FCBA3F651}.Ad-Hoc|Any CPU.ActiveCfg = Release|Any CPU
		{0F0178F4-C0BB-43E0-B174-F44FCBA3F651}.Ad-Hoc|Any CPU.Build.0 = Release|Any CPU
		{0F0178F4-C0BB-43E0-B174-F44FCBA3F651}.Ad-Hoc|ARM.ActiveCfg = Release|Any CPU
		{0F0178F4-C0BB-43E0-B174-F44FCBA3F651}.Ad-Hoc|ARM.Build.0 = Release|Any CPU
		{0F0178F4-C0BB-43E0-B174-F44FCBA3F651}.Ad-Hoc|iPhone.ActiveCfg = Release|Any CPU
		{0F0178F4-C0BB-43E0-B174-F44FCBA3F651}.Ad-Hoc|iPhone.Build.0 = Release|Any CPU
		{0F0178F4-C0BB-43E0-B174-F44FCBA3F651}.Ad-Hoc|iPhoneSimulator.ActiveCfg = Release|Any CPU
		{0F0178F4-C0BB-43E0-B174-F44FCBA3F651}.Ad-Hoc|iPhoneSimulator.Build.0 = Release|Any CPU
		{0F0178F4-C0BB-43E0-B174-F44FCBA3F651}.Ad-Hoc|x64.ActiveCfg = Release|Any CPU
		{0F0178F4-C0BB-43E0-B174-F44FCBA3F651}.Ad-Hoc|x64.Build.0 = Release|Any CPU
		{0F0178F4-C0BB-43E0-B174-F44FCBA3F651}.Ad-Hoc|x86.ActiveCfg = Release|Any CPU
		{0F0178F4-C0BB-43E0-B174-F44FCBA3F651}.Ad-Hoc|x86.Build.0 = Release|Any CPU
		{0F0178F4-C0BB-43E0-B174-F44FCBA3F651}.AppStore|Any CPU.ActiveCfg = Release|Any CPU
		{0F0178F4-C0BB-43E0-B174-F44FCBA3F651}.AppStore|Any CPU.Build.0 = Release|Any CPU
		{0F0178F4-C0BB-43E0-B174-F44FCBA3F651}.AppStore|ARM.ActiveCfg = Release|Any CPU
		{0F0178F4-C0BB-43E0-B174-F44FCBA3F651}.AppStore|ARM.Build.0 = Release|Any CPU
		{0F0178F4-C0BB-43E0-B174-F44FCBA3F651}.AppStore|iPhone.ActiveCfg = Release|Any CPU
		{0F0178F4-C0BB-43E0-B174-F44FCBA3F651}.AppStore|iPhone.Build.0 = Release|Any CPU
		{0F0178F4-C0BB-43E0-B174-F44FCBA3F651}.AppStore|iPhoneSimulator.ActiveCfg = Release|Any CPU
		{0F0178F4-C0BB-43E0-B174-F44FCBA3F651}.AppStore|iPhoneSimulator.Build.0 = Release|Any CPU
		{0F0178F4-C0BB-43E0-B174-F44FCBA3F651}.AppStore|x64.ActiveCfg = Release|Any CPU
		{0F0178F4-C0BB-43E0-B174-F44FCBA3F651}.AppStore|x64.Build.0 = Release|Any CPU
		{0F0178F4-C0BB-43E0-B174-F44FCBA3F651}.AppStore|x86.ActiveCfg = Release|Any CPU
		{0F0178F4-C0BB-43E0-B174-F44FCBA3F651}.AppStore|x86.Build.0 = Release|Any CPU
		{0F0178F4-C0BB-43E0-B174-F44FCBA3F651}.Debug|Any CPU.ActiveCfg = Debug|Any CPU
		{0F0178F4-C0BB-43E0-B174-F44FCBA3F651}.Debug|Any CPU.Build.0 = Debug|Any CPU
		{0F0178F4-C0BB-43E0-B174-F44FCBA3F651}.Debug|ARM.ActiveCfg = Debug|Any CPU
		{0F0178F4-C0BB-43E0-B174-F44FCBA3F651}.Debug|ARM.Build.0 = Debug|Any CPU
		{0F0178F4-C0BB-43E0-B174-F44FCBA3F651}.Debug|iPhone.ActiveCfg = Debug|Any CPU
		{0F0178F4-C0BB-43E0-B174-F44FCBA3F651}.Debug|iPhone.Build.0 = Debug|Any CPU
		{0F0178F4-C0BB-43E0-B174-F44FCBA3F651}.Debug|iPhoneSimulator.ActiveCfg = Debug|Any CPU
		{0F0178F4-C0BB-43E0-B174-F44FCBA3F651}.Debug|iPhoneSimulator.Build.0 = Debug|Any CPU
		{0F0178F4-C0BB-43E0-B174-F44FCBA3F651}.Debug|x64.ActiveCfg = Debug|Any CPU
		{0F0178F4-C0BB-43E0-B174-F44FCBA3F651}.Debug|x64.Build.0 = Debug|Any CPU
		{0F0178F4-C0BB-43E0-B174-F44FCBA3F651}.Debug|x86.ActiveCfg = Debug|Any CPU
		{0F0178F4-C0BB-43E0-B174-F44FCBA3F651}.Debug|x86.Build.0 = Debug|Any CPU
		{0F0178F4-C0BB-43E0-B174-F44FCBA3F651}.Release|Any CPU.ActiveCfg = Release|Any CPU
		{0F0178F4-C0BB-43E0-B174-F44FCBA3F651}.Release|Any CPU.Build.0 = Release|Any CPU
		{0F0178F4-C0BB-43E0-B174-F44FCBA3F651}.Release|ARM.ActiveCfg = Release|Any CPU
		{0F0178F4-C0BB-43E0-B174-F44FCBA3F651}.Release|ARM.Build.0 = Release|Any CPU
		{0F0178F4-C0BB-43E0-B174-F44FCBA3F651}.Release|iPhone.ActiveCfg = Release|Any CPU
		{0F0178F4-C0BB-43E0-B174-F44FCBA3F651}.Release|iPhone.Build.0 = Release|Any CPU
		{0F0178F4-C0BB-43E0-B174-F44FCBA3F651}.Release|iPhoneSimulator.ActiveCfg = Release|Any CPU
		{0F0178F4-C0BB-43E0-B174-F44FCBA3F651}.Release|iPhoneSimulator.Build.0 = Release|Any CPU
		{0F0178F4-C0BB-43E0-B174-F44FCBA3F651}.Release|x64.ActiveCfg = Release|Any CPU
		{0F0178F4-C0BB-43E0-B174-F44FCBA3F651}.Release|x64.Build.0 = Release|Any CPU
		{0F0178F4-C0BB-43E0-B174-F44FCBA3F651}.Release|x86.ActiveCfg = Release|Any CPU
		{0F0178F4-C0BB-43E0-B174-F44FCBA3F651}.Release|x86.Build.0 = Release|Any CPU
	EndGlobalSection
	GlobalSection(SolutionProperties) = preSolution
		HideSolutionNode = FALSE
	EndGlobalSection
EndGlobal
